
Microsoft Visual Studio Solution File, Format Version 12.00
# Visual Studio Version 17
VisualStudioVersion = 17.11.35312.102
MinimumVisualStudioVersion = 10.0.40219.1
Project("{FAE04EC0-301F-11D3-BF4B-00C04F79EFBC}") = "GestorPeliculas", "GestorPeliculas.csproj", "{6125D4BD-F9BA-45DE-9618-EE5A9CB322EA}"
EndProject
Global
	GlobalSection(SolutionConfigurationPlatforms) = preSolution
		Debug|Any CPU = Debug|Any CPU
		Release|Any CPU = Release|Any CPU
	EndGlobalSection
	GlobalSection(ProjectConfigurationPlatforms) = postSolution
		{6125D4BD-F9BA-45DE-9618-EE5A9CB322EA}.Debug|Any CPU.ActiveCfg = Debug|Any CPU
		{6125D4BD-F9BA-45DE-9618-EE5A9CB322EA}.Debug|Any CPU.Build.0 = Debug|Any CPU
		{6125D4BD-F9BA-45DE-9618-EE5A9CB322EA}.Debug|Any CPU.Deploy.0 = Debug|Any CPU
		{6125D4BD-F9BA-45DE-9618-EE5A9CB322EA}.Release|Any CPU.ActiveCfg = Release|Any CPU
		{6125D4BD-F9BA-45DE-9618-EE5A9CB322EA}.Release|Any CPU.Build.0 = Release|Any CPU
		{6125D4BD-F9BA-45DE-9618-EE5A9CB322EA}.Release|Any CPU.Deploy.0 = Release|Any CPU
	EndGlobalSection
	GlobalSection(SolutionProperties) = preSolution
		HideSolutionNode = FALSE
	EndGlobalSection
	GlobalSection(ExtensibilityGlobals) = postSolution
		SolutionGuid = {042F7EA2-5658-4EF3-AB3B-29A94E009944}
	EndGlobalSection
EndGlobal
